// !$*UTF8*$!
{
	archiveVersion = 1;
	classes = {
	};
	objectVersion = 56;
	objects = {

/* Begin PBXBuildFile section */
		31C19F942C00F7D4005C8D27 /* AppDelegate.swift in Sources */ = {isa = PBXBuildFile; fileRef = 31C19F932C00F7D4005C8D27 /* AppDelegate.swift */; };
		31C19F982C00F7D4005C8D27 /* HomeViewController.swift in Sources */ = {isa = PBXBuildFile; fileRef = 31C19F972C00F7D4005C8D27 /* HomeViewController.swift */; };
		31C19F9D2C00F7D5005C8D27 /* Assets.xcassets in Resources */ = {isa = PBXBuildFile; fileRef = 31C19F9C2C00F7D5005C8D27 /* Assets.xcassets */; };
		31C19FA02C00F7D5005C8D27 /* Base in Resources */ = {isa = PBXBuildFile; fileRef = 31C19F9F2C00F7D5005C8D27 /* Base */; };
		31C19FA82C0109B6005C8D27 /* String+Ex.swift in Sources */ = {isa = PBXBuildFile; fileRef = 31C19FA72C0109B6005C8D27 /* String+Ex.swift */; };
		31C19FAE2C010A7A005C8D27 /* Localizable.strings in Resources */ = {isa = PBXBuildFile; fileRef = 31C19FAC2C010A7A005C8D27 /* Localizable.strings */; };
		31C19FB12C0115B4005C8D27 /* SelectVerbsViewController.swift in Sources */ = {isa = PBXBuildFile; fileRef = 31C19FB02C0115B4005C8D27 /* SelectVerbsViewController.swift */; };
		31C19FB32C0115F3005C8D27 /* TrainViewController.swift in Sources */ = {isa = PBXBuildFile; fileRef = 31C19FB22C0115F3005C8D27 /* TrainViewController.swift */; };
		31C19FB82C0123C0005C8D27 /* SnapKit in Frameworks */ = {isa = PBXBuildFile; productRef = 31C19FB72C0123C0005C8D27 /* SnapKit */; };
		31C19FBA2C0123C0005C8D27 /* SnapKit-Dynamic in Frameworks */ = {isa = PBXBuildFile; productRef = 31C19FB92C0123C0005C8D27 /* SnapKit-Dynamic */; };
		31C19FBC2C01E9F0005C8D27 /* SelectVerbTableViewCell.swift in Sources */ = {isa = PBXBuildFile; fileRef = 31C19FBB2C01E9F0005C8D27 /* SelectVerbTableViewCell.swift */; };
		31C19FBE2C021E6E005C8D27 /* UIView+Ex.swift in Sources */ = {isa = PBXBuildFile; fileRef = 31C19FBD2C021E6E005C8D27 /* UIView+Ex.swift */; };
		31C19FC02C0220D4005C8D27 /*  UIStackView+Ex.swift in Sources */ = {isa = PBXBuildFile; fileRef = 31C19FBF2C0220D4005C8D27 /*  UIStackView+Ex.swift */; };
		31C19FC52C023830005C8D27 /* Verb.swift in Sources */ = {isa = PBXBuildFile; fileRef = 31C19FC32C023830005C8D27 /* Verb.swift */; };
		31C19FC62C023830005C8D27 /* IrregularVerbs.swift in Sources */ = {isa = PBXBuildFile; fileRef = 31C19FC42C023830005C8D27 /* IrregularVerbs.swift */; };
/* End PBXBuildFile section */

/* Begin PBXFileReference section */
		31C19F902C00F7D4005C8D27 /* VerbMemoryGame.app */ = {isa = PBXFileReference; explicitFileType = wrapper.application; includeInIndex = 0; path = VerbMemoryGame.app; sourceTree = BUILT_PRODUCTS_DIR; };
		31C19F932C00F7D4005C8D27 /* AppDelegate.swift */ = {isa = PBXFileReference; lastKnownFileType = sourcecode.swift; path = AppDelegate.swift; sourceTree = "<group>"; };
		31C19F972C00F7D4005C8D27 /* HomeViewController.swift */ = {isa = PBXFileReference; lastKnownFileType = sourcecode.swift; path = HomeViewController.swift; sourceTree = "<group>"; };
		31C19F9C2C00F7D5005C8D27 /* Assets.xcassets */ = {isa = PBXFileReference; lastKnownFileType = folder.assetcatalog; path = Assets.xcassets; sourceTree = "<group>"; };
		31C19F9F2C00F7D5005C8D27 /* Base */ = {isa = PBXFileReference; lastKnownFileType = file.storyboard; name = Base; path = Base.lproj/LaunchScreen.storyboard; sourceTree = "<group>"; };
		31C19FA12C00F7D5005C8D27 /* Info.plist */ = {isa = PBXFileReference; lastKnownFileType = text.plist.xml; path = Info.plist; sourceTree = "<group>"; };
		31C19FA72C0109B6005C8D27 /* String+Ex.swift */ = {isa = PBXFileReference; lastKnownFileType = sourcecode.swift; path = "String+Ex.swift"; sourceTree = "<group>"; };
		31C19FAD2C010A7A005C8D27 /* en */ = {isa = PBXFileReference; lastKnownFileType = text.plist.strings; name = en; path = en.lproj/Localizable.strings; sourceTree = "<group>"; };
		31C19FAF2C010ABA005C8D27 /* ru */ = {isa = PBXFileReference; lastKnownFileType = text.plist.strings; name = ru; path = ru.lproj/Localizable.strings; sourceTree = "<group>"; };
		31C19FB02C0115B4005C8D27 /* SelectVerbsViewController.swift */ = {isa = PBXFileReference; lastKnownFileType = sourcecode.swift; path = SelectVerbsViewController.swift; sourceTree = "<group>"; };
		31C19FB22C0115F3005C8D27 /* TrainViewController.swift */ = {isa = PBXFileReference; lastKnownFileType = sourcecode.swift; path = TrainViewController.swift; sourceTree = "<group>"; };
		31C19FBB2C01E9F0005C8D27 /* SelectVerbTableViewCell.swift */ = {isa = PBXFileReference; lastKnownFileType = sourcecode.swift; path = SelectVerbTableViewCell.swift; sourceTree = "<group>"; };
		31C19FBD2C021E6E005C8D27 /* UIView+Ex.swift */ = {isa = PBXFileReference; lastKnownFileType = sourcecode.swift; path = "UIView+Ex.swift"; sourceTree = "<group>"; };
		31C19FBF2C0220D4005C8D27 /*  UIStackView+Ex.swift */ = {isa = PBXFileReference; lastKnownFileType = sourcecode.swift; path = " UIStackView+Ex.swift"; sourceTree = "<group>"; };
		31C19FC32C023830005C8D27 /* Verb.swift */ = {isa = PBXFileReference; fileEncoding = 4; lastKnownFileType = sourcecode.swift; path = Verb.swift; sourceTree = "<group>"; };
		31C19FC42C023830005C8D27 /* IrregularVerbs.swift */ = {isa = PBXFileReference; fileEncoding = 4; lastKnownFileType = sourcecode.swift; path = IrregularVerbs.swift; sourceTree = "<group>"; };
/* End PBXFileReference section */

/* Begin PBXFrameworksBuildPhase section */
		31C19F8D2C00F7D4005C8D27 /* Frameworks */ = {
			isa = PBXFrameworksBuildPhase;
			buildActionMask = 2147483647;
			files = (
				31C19FB82C0123C0005C8D27 /* SnapKit in Frameworks */,
				31C19FBA2C0123C0005C8D27 /* SnapKit-Dynamic in Frameworks */,
			);
			runOnlyForDeploymentPostprocessing = 0;
		};
/* End PBXFrameworksBuildPhase section */

/* Begin PBXGroup section */
		31C19F872C00F7D4005C8D27 = {
			isa = PBXGroup;
			children = (
				31C19F922C00F7D4005C8D27 /* VerbMemoryGame */,
				31C19F912C00F7D4005C8D27 /* Products */,
			);
			sourceTree = "<group>";
		};
		31C19F912C00F7D4005C8D27 /* Products */ = {
			isa = PBXGroup;
			children = (
				31C19F902C00F7D4005C8D27 /* VerbMemoryGame.app */,
			);
			name = Products;
			sourceTree = "<group>";
		};
		31C19F922C00F7D4005C8D27 /* VerbMemoryGame */ = {
			isa = PBXGroup;
			children = (
				31C19F932C00F7D4005C8D27 /* AppDelegate.swift */,
				31C19FAB2C0109EE005C8D27 /* Home */,
				31C19FB42C0115FE005C8D27 /* Select */,
				31C19FB52C011607005C8D27 /* Train */,
				31C19FA92C0109C5005C8D27 /* Extensions */,
				31C19F9C2C00F7D5005C8D27 /* Assets.xcassets */,
				31C19F9E2C00F7D5005C8D27 /* LaunchScreen.storyboard */,
				31C19FA12C00F7D5005C8D27 /* Info.plist */,
			);
			path = VerbMemoryGame;
			sourceTree = "<group>";
		};
		31C19FA92C0109C5005C8D27 /* Extensions */ = {
			isa = PBXGroup;
			children = (
				31C19FA72C0109B6005C8D27 /* String+Ex.swift */,
				31C19FBD2C021E6E005C8D27 /* UIView+Ex.swift */,
				31C19FBF2C0220D4005C8D27 /*  UIStackView+Ex.swift */,
				31C19FAC2C010A7A005C8D27 /* Localizable.strings */,
			);
			path = Extensions;
			sourceTree = "<group>";
		};
		31C19FAA2C0109D5005C8D27 /* Controller */ = {
			isa = PBXGroup;
			children = (
				31C19F972C00F7D4005C8D27 /* HomeViewController.swift */,
			);
			path = Controller;
			sourceTree = "<group>";
		};
		31C19FAB2C0109EE005C8D27 /* Home */ = {
			isa = PBXGroup;
			children = (
				31C19FAA2C0109D5005C8D27 /* Controller */,
			);
			path = Home;
			sourceTree = "<group>";
		};
		31C19FB42C0115FE005C8D27 /* Select */ = {
			isa = PBXGroup;
			children = (
				31C19FC72C023846005C8D27 /* Model */,
				31C19FC22C022761005C8D27 /* Cotroller */,
				31C19FC12C022759005C8D27 /* View */,
			);
			path = Select;
			sourceTree = "<group>";
		};
		31C19FB52C011607005C8D27 /* Train */ = {
			isa = PBXGroup;
			children = (
				31C19FB22C0115F3005C8D27 /* TrainViewController.swift */,
			);
			path = Train;
			sourceTree = "<group>";
		};
		31C19FC12C022759005C8D27 /* View */ = {
			isa = PBXGroup;
			children = (
				31C19FBB2C01E9F0005C8D27 /* SelectVerbTableViewCell.swift */,
			);
			path = View;
			sourceTree = "<group>";
		};
		31C19FC22C022761005C8D27 /* Cotroller */ = {
			isa = PBXGroup;
			children = (
				31C19FB02C0115B4005C8D27 /* SelectVerbsViewController.swift */,
			);
			path = Cotroller;
			sourceTree = "<group>";
		};
		31C19FC72C023846005C8D27 /* Model */ = {
			isa = PBXGroup;
			children = (
				31C19FC42C023830005C8D27 /* IrregularVerbs.swift */,
				31C19FC32C023830005C8D27 /* Verb.swift */,
			);
			path = Model;
			sourceTree = "<group>";
		};
/* End PBXGroup section */

/* Begin PBXNativeTarget section */
		31C19F8F2C00F7D4005C8D27 /* VerbMemoryGame */ = {
			isa = PBXNativeTarget;
			buildConfigurationList = 31C19FA42C00F7D5005C8D27 /* Build configuration list for PBXNativeTarget "VerbMemoryGame" */;
			buildPhases = (
				31C19F8C2C00F7D4005C8D27 /* Sources */,
				31C19F8D2C00F7D4005C8D27 /* Frameworks */,
				31C19F8E2C00F7D4005C8D27 /* Resources */,
			);
			buildRules = (
			);
			dependencies = (
			);
			name = VerbMemoryGame;
			packageProductDependencies = (
				31C19FB72C0123C0005C8D27 /* SnapKit */,
				31C19FB92C0123C0005C8D27 /* SnapKit-Dynamic */,
			);
			productName = VerbMemoryGame;
			productReference = 31C19F902C00F7D4005C8D27 /* VerbMemoryGame.app */;
			productType = "com.apple.product-type.application";
		};
/* End PBXNativeTarget section */

/* Begin PBXProject section */
		31C19F882C00F7D4005C8D27 /* Project object */ = {
			isa = PBXProject;
			attributes = {
				BuildIndependentTargetsInParallel = 1;
				LastSwiftUpdateCheck = 1530;
				LastUpgradeCheck = 1530;
				TargetAttributes = {
					31C19F8F2C00F7D4005C8D27 = {
						CreatedOnToolsVersion = 15.3;
					};
				};
			};
			buildConfigurationList = 31C19F8B2C00F7D4005C8D27 /* Build configuration list for PBXProject "VerbMemoryGame" */;
			compatibilityVersion = "Xcode 14.0";
			developmentRegion = en;
			hasScannedForEncodings = 0;
			knownRegions = (
				en,
				Base,
				ru,
			);
			mainGroup = 31C19F872C00F7D4005C8D27;
			packageReferences = (
				31C19FB62C0123C0005C8D27 /* XCRemoteSwiftPackageReference "SnapKit" */,
			);
			productRefGroup = 31C19F912C00F7D4005C8D27 /* Products */;
			projectDirPath = "";
			projectRoot = "";
			targets = (
				31C19F8F2C00F7D4005C8D27 /* VerbMemoryGame */,
			);
		};
/* End PBXProject section */

/* Begin PBXResourcesBuildPhase section */
		31C19F8E2C00F7D4005C8D27 /* Resources */ = {
			isa = PBXResourcesBuildPhase;
			buildActionMask = 2147483647;
			files = (
				31C19F9D2C00F7D5005C8D27 /* Assets.xcassets in Resources */,
				31C19FAE2C010A7A005C8D27 /* Localizable.strings in Resources */,
				31C19FA02C00F7D5005C8D27 /* Base in Resources */,
			);
			runOnlyForDeploymentPostprocessing = 0;
		};
/* End PBXResourcesBuildPhase section */

/* Begin PBXSourcesBuildPhase section */
		31C19F8C2C00F7D4005C8D27 /* Sources */ = {
			isa = PBXSourcesBuildPhase;
			buildActionMask = 2147483647;
			files = (
				31C19FBC2C01E9F0005C8D27 /* SelectVerbTableViewCell.swift in Sources */,
				31C19FA82C0109B6005C8D27 /* String+Ex.swift in Sources */,
				31C19F982C00F7D4005C8D27 /* HomeViewController.swift in Sources */,
				31C19FC52C023830005C8D27 /* Verb.swift in Sources */,
				31C19FB32C0115F3005C8D27 /* TrainViewController.swift in Sources */,
				31C19F942C00F7D4005C8D27 /* AppDelegate.swift in Sources */,
				31C19FC62C023830005C8D27 /* IrregularVerbs.swift in Sources */,
				31C19FB12C0115B4005C8D27 /* SelectVerbsViewController.swift in Sources */,
				31C19FBE2C021E6E005C8D27 /* UIView+Ex.swift in Sources */,
				31C19FC02C0220D4005C8D27 /*  UIStackView+Ex.swift in Sources */,
			);
			runOnlyForDeploymentPostprocessing = 0;
		};
/* End PBXSourcesBuildPhase section */

/* Begin PBXVariantGroup section */
		31C19F9E2C00F7D5005C8D27 /* LaunchScreen.storyboard */ = {
			isa = PBXVariantGroup;
			children = (
				31C19F9F2C00F7D5005C8D27 /* Base */,
			);
			name = LaunchScreen.storyboard;
			sourceTree = "<group>";
		};
		31C19FAC2C010A7A005C8D27 /* Localizable.strings */ = {
			isa = PBXVariantGroup;
			children = (
				31C19FAD2C010A7A005C8D27 /* en */,
				31C19FAF2C010ABA005C8D27 /* ru */,
			);
			name = Localizable.strings;
			sourceTree = "<group>";
		};
/* End PBXVariantGroup section */

/* Begin XCBuildConfiguration section */
		31C19FA22C00F7D5005C8D27 /* Debug */ = {
			isa = XCBuildConfiguration;
			buildSettings = {
				ALWAYS_SEARCH_USER_PATHS = NO;
				ASSETCATALOG_COMPILER_GENERATE_SWIFT_ASSET_SYMBOL_EXTENSIONS = YES;
				CLANG_ANALYZER_LOCALIZABILITY_NONLOCALIZED = YES;
				CLANG_ANALYZER_NONNULL = YES;
				CLANG_ANALYZER_NUMBER_OBJECT_CONVERSION = YES_AGGRESSIVE;
				CLANG_CXX_LANGUAGE_STANDARD = "gnu++20";
				CLANG_ENABLE_MODULES = YES;
				CLANG_ENABLE_OBJC_ARC = YES;
				CLANG_ENABLE_OBJC_WEAK = YES;
				CLANG_WARN_BLOCK_CAPTURE_AUTORELEASING = YES;
				CLANG_WARN_BOOL_CONVERSION = YES;
				CLANG_WARN_COMMA = YES;
				CLANG_WARN_CONSTANT_CONVERSION = YES;
				CLANG_WARN_DEPRECATED_OBJC_IMPLEMENTATIONS = YES;
				CLANG_WARN_DIRECT_OBJC_ISA_USAGE = YES_ERROR;
				CLANG_WARN_DOCUMENTATION_COMMENTS = YES;
				CLANG_WARN_EMPTY_BODY = YES;
				CLANG_WARN_ENUM_CONVERSION = YES;
				CLANG_WARN_INFINITE_RECURSION = YES;
				CLANG_WARN_INT_CONVERSION = YES;
				CLANG_WARN_NON_LITERAL_NULL_CONVERSION = YES;
				CLANG_WARN_OBJC_IMPLICIT_RETAIN_SELF = YES;
				CLANG_WARN_OBJC_LITERAL_CONVERSION = YES;
				CLANG_WARN_OBJC_ROOT_CLASS = YES_ERROR;
				CLANG_WARN_QUOTED_INCLUDE_IN_FRAMEWORK_HEADER = YES;
				CLANG_WARN_RANGE_LOOP_ANALYSIS = YES;
				CLANG_WARN_STRICT_PROTOTYPES = YES;
				CLANG_WARN_SUSPICIOUS_MOVE = YES;
				CLANG_WARN_UNGUARDED_AVAILABILITY = YES_AGGRESSIVE;
				CLANG_WARN_UNREACHABLE_CODE = YES;
				CLANG_WARN__DUPLICATE_METHOD_MATCH = YES;
				COPY_PHASE_STRIP = NO;
				DEBUG_INFORMATION_FORMAT = dwarf;
				ENABLE_STRICT_OBJC_MSGSEND = YES;
				ENABLE_TESTABILITY = YES;
				ENABLE_USER_SCRIPT_SANDBOXING = YES;
				GCC_C_LANGUAGE_STANDARD = gnu17;
				GCC_DYNAMIC_NO_PIC = NO;
				GCC_NO_COMMON_BLOCKS = YES;
				GCC_OPTIMIZATION_LEVEL = 0;
				GCC_PREPROCESSOR_DEFINITIONS = (
					"DEBUG=1",
					"$(inherited)",
				);
				GCC_WARN_64_TO_32_BIT_CONVERSION = YES;
				GCC_WARN_ABOUT_RETURN_TYPE = YES_ERROR;
				GCC_WARN_UNDECLARED_SELECTOR = YES;
				GCC_WARN_UNINITIALIZED_AUTOS = YES_AGGRESSIVE;
				GCC_WARN_UNUSED_FUNCTION = YES;
				GCC_WARN_UNUSED_VARIABLE = YES;
				IPHONEOS_DEPLOYMENT_TARGET = 17.4;
				LOCALIZATION_PREFERS_STRING_CATALOGS = YES;
				MTL_ENABLE_DEBUG_INFO = INCLUDE_SOURCE;
				MTL_FAST_MATH = YES;
				ONLY_ACTIVE_ARCH = YES;
				SDKROOT = iphoneos;
				SWIFT_ACTIVE_COMPILATION_CONDITIONS = "DEBUG $(inherited)";
				SWIFT_OPTIMIZATION_LEVEL = "-Onone";
			};
			name = Debug;
		};
		31C19FA32C00F7D5005C8D27 /* Release */ = {
			isa = XCBuildConfiguration;
			buildSettings = {
				ALWAYS_SEARCH_USER_PATHS = NO;
				ASSETCATALOG_COMPILER_GENERATE_SWIFT_ASSET_SYMBOL_EXTENSIONS = YES;
				CLANG_ANALYZER_LOCALIZABILITY_NONLOCALIZED = YES;
				CLANG_ANALYZER_NONNULL = YES;
				CLANG_ANALYZER_NUMBER_OBJECT_CONVERSION = YES_AGGRESSIVE;
				CLANG_CXX_LANGUAGE_STANDARD = "gnu++20";
				CLANG_ENABLE_MODULES = YES;
				CLANG_ENABLE_OBJC_ARC = YES;
				CLANG_ENABLE_OBJC_WEAK = YES;
				CLANG_WARN_BLOCK_CAPTURE_AUTORELEASING = YES;
				CLANG_WARN_BOOL_CONVERSION = YES;
				CLANG_WARN_COMMA = YES;
				CLANG_WARN_CONSTANT_CONVERSION = YES;
				CLANG_WARN_DEPRECATED_OBJC_IMPLEMENTATIONS = YES;
				CLANG_WARN_DIRECT_OBJC_ISA_USAGE = YES_ERROR;
				CLANG_WARN_DOCUMENTATION_COMMENTS = YES;
				CLANG_WARN_EMPTY_BODY = YES;
				CLANG_WARN_ENUM_CONVERSION = YES;
				CLANG_WARN_INFINITE_RECURSION = YES;
				CLANG_WARN_INT_CONVERSION = YES;
				CLANG_WARN_NON_LITERAL_NULL_CONVERSION = YES;
				CLANG_WARN_OBJC_IMPLICIT_RETAIN_SELF = YES;
				CLANG_WARN_OBJC_LITERAL_CONVERSION = YES;
				CLANG_WARN_OBJC_ROOT_CLASS = YES_ERROR;
				CLANG_WARN_QUOTED_INCLUDE_IN_FRAMEWORK_HEADER = YES;
				CLANG_WARN_RANGE_LOOP_ANALYSIS = YES;
				CLANG_WARN_STRICT_PROTOTYPES = YES;
				CLANG_WARN_SUSPICIOUS_MOVE = YES;
				CLANG_WARN_UNGUARDED_AVAILABILITY = YES_AGGRESSIVE;
				CLANG_WARN_UNREACHABLE_CODE = YES;
				CLANG_WARN__DUPLICATE_METHOD_MATCH = YES;
				COPY_PHASE_STRIP = NO;
				DEBUG_INFORMATION_FORMAT = "dwarf-with-dsym";
				ENABLE_NS_ASSERTIONS = NO;
				ENABLE_STRICT_OBJC_MSGSEND = YES;
				ENABLE_USER_SCRIPT_SANDBOXING = YES;
				GCC_C_LANGUAGE_STANDARD = gnu17;
				GCC_NO_COMMON_BLOCKS = YES;
				GCC_WARN_64_TO_32_BIT_CONVERSION = YES;
				GCC_WARN_ABOUT_RETURN_TYPE = YES_ERROR;
				GCC_WARN_UNDECLARED_SELECTOR = YES;
				GCC_WARN_UNINITIALIZED_AUTOS = YES_AGGRESSIVE;
				GCC_WARN_UNUSED_FUNCTION = YES;
				GCC_WARN_UNUSED_VARIABLE = YES;
				IPHONEOS_DEPLOYMENT_TARGET = 17.4;
				LOCALIZATION_PREFERS_STRING_CATALOGS = YES;
				MTL_ENABLE_DEBUG_INFO = NO;
				MTL_FAST_MATH = YES;
				SDKROOT = iphoneos;
				SWIFT_COMPILATION_MODE = wholemodule;
				VALIDATE_PRODUCT = YES;
			};
			name = Release;
		};
		31C19FA52C00F7D5005C8D27 /* Debug */ = {
			isa = XCBuildConfiguration;
			buildSettings = {
				ASSETCATALOG_COMPILER_APPICON_NAME = AppIcon;
				ASSETCATALOG_COMPILER_GLOBAL_ACCENT_COLOR_NAME = AccentColor;
				CODE_SIGN_STYLE = Automatic;
				CURRENT_PROJECT_VERSION = 1;
				DEVELOPMENT_TEAM = 736RFLYC44;
				GENERATE_INFOPLIST_FILE = YES;
				INFOPLIST_FILE = VerbMemoryGame/Info.plist;
				INFOPLIST_KEY_UIApplicationSupportsIndirectInputEvents = YES;
				INFOPLIST_KEY_UILaunchStoryboardName = LaunchScreen;
				INFOPLIST_KEY_UISupportedInterfaceOrientations_iPad = "UIInterfaceOrientationPortrait UIInterfaceOrientationPortraitUpsideDown UIInterfaceOrientationLandscapeLeft UIInterfaceOrientationLandscapeRight";
				INFOPLIST_KEY_UISupportedInterfaceOrientations_iPhone = "UIInterfaceOrientationPortrait UIInterfaceOrientationLandscapeLeft UIInterfaceOrientationLandscapeRight";
				LD_RUNPATH_SEARCH_PATHS = (
					"$(inherited)",
					"@executable_path/Frameworks",
				);
				MARKETING_VERSION = 1.0;
				PRODUCT_BUNDLE_IDENTIFIER = me.maksimssalajevs.VerbMemoryGame;
				PRODUCT_NAME = "$(TARGET_NAME)";
				SWIFT_EMIT_LOC_STRINGS = YES;
				SWIFT_VERSION = 5.0;
				TARGETED_DEVICE_FAMILY = "1,2";
			};
			name = Debug;
		};
		31C19FA62C00F7D5005C8D27 /* Release */ = {
			isa = XCBuildConfiguration;
			buildSettings = {
				ASSETCATALOG_COMPILER_APPICON_NAME = AppIcon;
				ASSETCATALOG_COMPILER_GLOBAL_ACCENT_COLOR_NAME = AccentColor;
				CODE_SIGN_STYLE = Automatic;
				CURRENT_PROJECT_VERSION = 1;
				DEVELOPMENT_TEAM = 736RFLYC44;
				GENERATE_INFOPLIST_FILE = YES;
				INFOPLIST_FILE = VerbMemoryGame/Info.plist;
				INFOPLIST_KEY_UIApplicationSupportsIndirectInputEvents = YES;
				INFOPLIST_KEY_UILaunchStoryboardName = LaunchScreen;
				INFOPLIST_KEY_UISupportedInterfaceOrientations_iPad = "UIInterfaceOrientationPortrait UIInterfaceOrientationPortraitUpsideDown UIInterfaceOrientationLandscapeLeft UIInterfaceOrientationLandscapeRight";
				INFOPLIST_KEY_UISupportedInterfaceOrientations_iPhone = "UIInterfaceOrientationPortrait UIInterfaceOrientationLandscapeLeft UIInterfaceOrientationLandscapeRight";
				LD_RUNPATH_SEARCH_PATHS = (
					"$(inherited)",
					"@executable_path/Frameworks",
				);
				MARKETING_VERSION = 1.0;
				PRODUCT_BUNDLE_IDENTIFIER = me.maksimssalajevs.VerbMemoryGame;
				PRODUCT_NAME = "$(TARGET_NAME)";
				SWIFT_EMIT_LOC_STRINGS = YES;
				SWIFT_VERSION = 5.0;
				TARGETED_DEVICE_FAMILY = "1,2";
			};
			name = Release;
		};
/* End XCBuildConfiguration section */

/* Begin XCConfigurationList section */
		31C19F8B2C00F7D4005C8D27 /* Build configuration list for PBXProject "VerbMemoryGame" */ = {
			isa = XCConfigurationList;
			buildConfigurations = (
				31C19FA22C00F7D5005C8D27 /* Debug */,
				31C19FA32C00F7D5005C8D27 /* Release */,
			);
			defaultConfigurationIsVisible = 0;
			defaultConfigurationName = Release;
		};
		31C19FA42C00F7D5005C8D27 /* Build configuration list for PBXNativeTarget "VerbMemoryGame" */ = {
			isa = XCConfigurationList;
			buildConfigurations = (
				31C19FA52C00F7D5005C8D27 /* Debug */,
				31C19FA62C00F7D5005C8D27 /* Release */,
			);
			defaultConfigurationIsVisible = 0;
			defaultConfigurationName = Release;
		};
/* End XCConfigurationList section */

/* Begin XCRemoteSwiftPackageReference section */
		31C19FB62C0123C0005C8D27 /* XCRemoteSwiftPackageReference "SnapKit" */ = {
			isa = XCRemoteSwiftPackageReference;
			repositoryURL = "https://github.com/SnapKit/SnapKit.git";
			requirement = {
				kind = upToNextMajorVersion;
				minimumVersion = 5.7.1;
			};
		};
/* End XCRemoteSwiftPackageReference section */

/* Begin XCSwiftPackageProductDependency section */
		31C19FB72C0123C0005C8D27 /* SnapKit */ = {
			isa = XCSwiftPackageProductDependency;
			package = 31C19FB62C0123C0005C8D27 /* XCRemoteSwiftPackageReference "SnapKit" */;
			productName = SnapKit;
		};
		31C19FB92C0123C0005C8D27 /* SnapKit-Dynamic */ = {
			isa = XCSwiftPackageProductDependency;
			package = 31C19FB62C0123C0005C8D27 /* XCRemoteSwiftPackageReference "SnapKit" */;
			productName = "SnapKit-Dynamic";
		};
/* End XCSwiftPackageProductDependency section */
	};
	rootObject = 31C19F882C00F7D4005C8D27 /* Project object */;
}
